github.com/go-chi/chi/v5 v5.0.12 h1:9euLV5sTrTNavY3EiBi6p6V6AJOU+3+OSWJ8tTmom4=
github.com/go-chi/chi/v5 v5.0.12/go.mod h1:DslCQbL2OYiznFReuXYUUq9mjy9qYYQZSktqdnKj91=
github.com/golang-jwt/jwt/v5 v5.2.0 h1:d/+KLu7zCOgfug+9MWFi0nLJEagnyMstLQQUc0QjUc=
github.com/golang-jwt/jwt/v5 v5.2.0/go.mod h1:pqrtFR0X4osieyHYxtmOUWsAWrhen1Z4k15JQnsiStjt=
github.com/lib/pq v1.10.9 h1:YXG7RB+JIjhP29X+OtkiDnYaXQsRKoNT6AyNx78xNM=
github.com/lib/pq v1.10.9/go.mod h1:AlVN5x4E4T544tWzH6hKfbfQvm3HdbOxrmggDNAPY9k=
golang.org/x/crypto v0.21.0 h1:rF+pYz3DAGSFZEhMj+K6lFW9i6aI2xnlz0MeQdlzqY=
golang.org/x/crypto v0.21.0/go.mod h1:4yupFijrgqB25rFvWwwI+1kabZ27SROPANVupP5Q9go=
